// !$*UTF8*$!
{
	archiveVersion = 1;
	classes = {
	};
	objectVersion = 56;
	objects = {

/* Begin PBXBuildFile section */
		5213A23C29D71D81006B3096 /* GitHubRepositoryViewerApp.swift in Sources */ = {isa = PBXBuildFile; fileRef = 5213A23B29D71D81006B3096 /* GitHubRepositoryViewerApp.swift */; };
		5213A24029D71D83006B3096 /* Assets.xcassets in Resources */ = {isa = PBXBuildFile; fileRef = 5213A23F29D71D83006B3096 /* Assets.xcassets */; };
		5213A24329D71D83006B3096 /* Preview Assets.xcassets in Resources */ = {isa = PBXBuildFile; fileRef = 5213A24229D71D83006B3096 /* Preview Assets.xcassets */; };
		5213A24D29D71D83006B3096 /* GitHubRepositoryViewerTests.swift in Sources */ = {isa = PBXBuildFile; fileRef = 5213A24C29D71D83006B3096 /* GitHubRepositoryViewerTests.swift */; };
		5213A25729D71D83006B3096 /* GitHubRepositoryViewerUITests.swift in Sources */ = {isa = PBXBuildFile; fileRef = 5213A25629D71D83006B3096 /* GitHubRepositoryViewerUITests.swift */; };
		5213A25929D71D83006B3096 /* GitHubRepositoryViewerUITestsLaunchTests.swift in Sources */ = {isa = PBXBuildFile; fileRef = 5213A25829D71D83006B3096 /* GitHubRepositoryViewerUITestsLaunchTests.swift */; };
		5213A26929D72653006B3096 /* RepositoryListView.swift in Sources */ = {isa = PBXBuildFile; fileRef = 5213A26829D72653006B3096 /* RepositoryListView.swift */; };
		5213A26B29D727A4006B3096 /* RepositoryListCellView.swift in Sources */ = {isa = PBXBuildFile; fileRef = 5213A26A29D727A4006B3096 /* RepositoryListCellView.swift */; };
		5213A26E29D72810006B3096 /* RepositoryDetailView.swift in Sources */ = {isa = PBXBuildFile; fileRef = 5213A26D29D72810006B3096 /* RepositoryDetailView.swift */; };
		5213A27229D72A21006B3096 /* Repository.swift in Sources */ = {isa = PBXBuildFile; fileRef = 5213A27129D72A21006B3096 /* Repository.swift */; };
		5213A27429D72A43006B3096 /* SearchType.swift in Sources */ = {isa = PBXBuildFile; fileRef = 5213A27329D72A43006B3096 /* SearchType.swift */; };
		5213A27629D72ABA006B3096 /* Util.swift in Sources */ = {isa = PBXBuildFile; fileRef = 5213A27529D72ABA006B3096 /* Util.swift */; };
		5213A27929D72C7C006B3096 /* RepositoryViewModel.swift in Sources */ = {isa = PBXBuildFile; fileRef = 5213A27829D72C7C006B3096 /* RepositoryViewModel.swift */; };
		5213A27B29D73BAD006B3096 /* ImageViewModel.swift in Sources */ = {isa = PBXBuildFile; fileRef = 5213A27A29D73BAD006B3096 /* ImageViewModel.swift */; };
		5213A27E29D80F96006B3096 /* Main.swift in Sources */ = {isa = PBXBuildFile; fileRef = 5213A27D29D80F96006B3096 /* Main.swift */; };
		5213A28029D84F97006B3096 /* BookmarkRepositoryListView.swift in Sources */ = {isa = PBXBuildFile; fileRef = 5213A27F29D84F97006B3096 /* BookmarkRepositoryListView.swift */; };
		529E44EA29D8CCBA00741926 /* CellsCountView.swift in Sources */ = {isa = PBXBuildFile; fileRef = 529E44E929D8CCBA00741926 /* CellsCountView.swift */; };
		529E44EC29D8D1FA00741926 /* LanguageColor.swift in Sources */ = {isa = PBXBuildFile; fileRef = 529E44EB29D8D1FA00741926 /* LanguageColor.swift */; };
		529E44EE29D8D68500741926 /* language.json in Resources */ = {isa = PBXBuildFile; fileRef = 529E44ED29D8D68500741926 /* language.json */; };
		529E44F129D96D0A00741926 /* Modifier.swift in Sources */ = {isa = PBXBuildFile; fileRef = 529E44F029D96D0A00741926 /* Modifier.swift */; };
		529E44F429D9734E00741926 /* GitHubRepositoryViewer.xcdatamodeld in Sources */ = {isa = PBXBuildFile; fileRef = 529E44F229D9734E00741926 /* GitHubRepositoryViewer.xcdatamodeld */; };
		52F025C229D9BBE20058726D /* DetailItemView.swift in Sources */ = {isa = PBXBuildFile; fileRef = 52F025C129D9BBE20058726D /* DetailItemView.swift */; };
		52F025C429D9BF2E0058726D /* DetailItem.swift in Sources */ = {isa = PBXBuildFile; fileRef = 52F025C329D9BF2E0058726D /* DetailItem.swift */; };
		52F025C829D9C5570058726D /* ContributorIconListView.swift in Sources */ = {isa = PBXBuildFile; fileRef = 52F025C729D9C5570058726D /* ContributorIconListView.swift */; };
		52F025CC29DA00030058726D /* DetailCellView.swift in Sources */ = {isa = PBXBuildFile; fileRef = 52F025CB29DA00030058726D /* DetailCellView.swift */; };
/* End PBXBuildFile section */

/* Begin PBXContainerItemProxy section */
		5213A24929D71D83006B3096 /* PBXContainerItemProxy */ = {
			isa = PBXContainerItemProxy;
			containerPortal = 5213A23029D71D81006B3096 /* Project object */;
			proxyType = 1;
			remoteGlobalIDString = 5213A23729D71D81006B3096;
			remoteInfo = GitHubRepositoryViewer;
		};
		5213A25329D71D83006B3096 /* PBXContainerItemProxy */ = {
			isa = PBXContainerItemProxy;
			containerPortal = 5213A23029D71D81006B3096 /* Project object */;
			proxyType = 1;
			remoteGlobalIDString = 5213A23729D71D81006B3096;
			remoteInfo = GitHubRepositoryViewer;
		};
/* End PBXContainerItemProxy section */

/* Begin PBXFileReference section */
		5213A23829D71D81006B3096 /* GitHubRepositoryViewer.app */ = {isa = PBXFileReference; explicitFileType = wrapper.application; includeInIndex = 0; path = GitHubRepositoryViewer.app; sourceTree = BUILT_PRODUCTS_DIR; };
		5213A23B29D71D81006B3096 /* GitHubRepositoryViewerApp.swift */ = {isa = PBXFileReference; lastKnownFileType = sourcecode.swift; path = GitHubRepositoryViewerApp.swift; sourceTree = "<group>"; };
		5213A23F29D71D83006B3096 /* Assets.xcassets */ = {isa = PBXFileReference; lastKnownFileType = folder.assetcatalog; path = Assets.xcassets; sourceTree = "<group>"; };
		5213A24229D71D83006B3096 /* Preview Assets.xcassets */ = {isa = PBXFileReference; lastKnownFileType = folder.assetcatalog; path = "Preview Assets.xcassets"; sourceTree = "<group>"; };
		5213A24829D71D83006B3096 /* GitHubRepositoryViewerTests.xctest */ = {isa = PBXFileReference; explicitFileType = wrapper.cfbundle; includeInIndex = 0; path = GitHubRepositoryViewerTests.xctest; sourceTree = BUILT_PRODUCTS_DIR; };
		5213A24C29D71D83006B3096 /* GitHubRepositoryViewerTests.swift */ = {isa = PBXFileReference; lastKnownFileType = sourcecode.swift; path = GitHubRepositoryViewerTests.swift; sourceTree = "<group>"; };
		5213A25229D71D83006B3096 /* GitHubRepositoryViewerUITests.xctest */ = {isa = PBXFileReference; explicitFileType = wrapper.cfbundle; includeInIndex = 0; path = GitHubRepositoryViewerUITests.xctest; sourceTree = BUILT_PRODUCTS_DIR; };
		5213A25629D71D83006B3096 /* GitHubRepositoryViewerUITests.swift */ = {isa = PBXFileReference; lastKnownFileType = sourcecode.swift; path = GitHubRepositoryViewerUITests.swift; sourceTree = "<group>"; };
		5213A25829D71D83006B3096 /* GitHubRepositoryViewerUITestsLaunchTests.swift */ = {isa = PBXFileReference; lastKnownFileType = sourcecode.swift; path = GitHubRepositoryViewerUITestsLaunchTests.swift; sourceTree = "<group>"; };
		5213A26829D72653006B3096 /* RepositoryListView.swift */ = {isa = PBXFileReference; lastKnownFileType = sourcecode.swift; path = RepositoryListView.swift; sourceTree = "<group>"; };
		5213A26A29D727A4006B3096 /* RepositoryListCellView.swift */ = {isa = PBXFileReference; lastKnownFileType = sourcecode.swift; path = RepositoryListCellView.swift; sourceTree = "<group>"; };
		5213A26D29D72810006B3096 /* RepositoryDetailView.swift */ = {isa = PBXFileReference; lastKnownFileType = sourcecode.swift; path = RepositoryDetailView.swift; sourceTree = "<group>"; };
		5213A27129D72A21006B3096 /* Repository.swift */ = {isa = PBXFileReference; lastKnownFileType = sourcecode.swift; path = Repository.swift; sourceTree = "<group>"; };
		5213A27329D72A43006B3096 /* SearchType.swift */ = {isa = PBXFileReference; lastKnownFileType = sourcecode.swift; path = SearchType.swift; sourceTree = "<group>"; };
		5213A27529D72ABA006B3096 /* Util.swift */ = {isa = PBXFileReference; lastKnownFileType = sourcecode.swift; path = Util.swift; sourceTree = "<group>"; };
		5213A27829D72C7C006B3096 /* RepositoryViewModel.swift */ = {isa = PBXFileReference; lastKnownFileType = sourcecode.swift; path = RepositoryViewModel.swift; sourceTree = "<group>"; };
		5213A27A29D73BAD006B3096 /* ImageViewModel.swift */ = {isa = PBXFileReference; lastKnownFileType = sourcecode.swift; path = ImageViewModel.swift; sourceTree = "<group>"; };
		5213A27D29D80F96006B3096 /* Main.swift */ = {isa = PBXFileReference; lastKnownFileType = sourcecode.swift; path = Main.swift; sourceTree = "<group>"; };
		5213A27F29D84F97006B3096 /* BookmarkRepositoryListView.swift */ = {isa = PBXFileReference; lastKnownFileType = sourcecode.swift; path = BookmarkRepositoryListView.swift; sourceTree = "<group>"; };
		529E44E929D8CCBA00741926 /* CellsCountView.swift */ = {isa = PBXFileReference; lastKnownFileType = sourcecode.swift; path = CellsCountView.swift; sourceTree = "<group>"; };
		529E44EB29D8D1FA00741926 /* LanguageColor.swift */ = {isa = PBXFileReference; lastKnownFileType = sourcecode.swift; path = LanguageColor.swift; sourceTree = "<group>"; };
		529E44ED29D8D68500741926 /* language.json */ = {isa = PBXFileReference; lastKnownFileType = text.json; path = language.json; sourceTree = "<group>"; };
		529E44F029D96D0A00741926 /* Modifier.swift */ = {isa = PBXFileReference; lastKnownFileType = sourcecode.swift; path = Modifier.swift; sourceTree = "<group>"; };
		529E44F329D9734E00741926 /* GitHubRepositoryViewer.xcdatamodel */ = {isa = PBXFileReference; lastKnownFileType = wrapper.xcdatamodel; path = GitHubRepositoryViewer.xcdatamodel; sourceTree = "<group>"; };
		52F025C129D9BBE20058726D /* DetailItemView.swift */ = {isa = PBXFileReference; lastKnownFileType = sourcecode.swift; path = DetailItemView.swift; sourceTree = "<group>"; };
		52F025C329D9BF2E0058726D /* DetailItem.swift */ = {isa = PBXFileReference; lastKnownFileType = sourcecode.swift; path = DetailItem.swift; sourceTree = "<group>"; };
		52F025C729D9C5570058726D /* ContributorIconListView.swift */ = {isa = PBXFileReference; lastKnownFileType = sourcecode.swift; path = ContributorIconListView.swift; sourceTree = "<group>"; };
		52F025CB29DA00030058726D /* DetailCellView.swift */ = {isa = PBXFileReference; lastKnownFileType = sourcecode.swift; path = DetailCellView.swift; sourceTree = "<group>"; };
/* End PBXFileReference section */

/* Begin PBXFrameworksBuildPhase section */
		5213A23529D71D81006B3096 /* Frameworks */ = {
			isa = PBXFrameworksBuildPhase;
			buildActionMask = 2147483647;
			files = (
			);
			runOnlyForDeploymentPostprocessing = 0;
		};
		5213A24529D71D83006B3096 /* Frameworks */ = {
			isa = PBXFrameworksBuildPhase;
			buildActionMask = 2147483647;
			files = (
			);
			runOnlyForDeploymentPostprocessing = 0;
		};
		5213A24F29D71D83006B3096 /* Frameworks */ = {
			isa = PBXFrameworksBuildPhase;
			buildActionMask = 2147483647;
			files = (
			);
			runOnlyForDeploymentPostprocessing = 0;
		};
/* End PBXFrameworksBuildPhase section */

/* Begin PBXGroup section */
		5213A22F29D71D81006B3096 = {
			isa = PBXGroup;
			children = (
				5213A23A29D71D81006B3096 /* GitHubRepositoryViewer */,
				5213A24B29D71D83006B3096 /* GitHubRepositoryViewerTests */,
				5213A25529D71D83006B3096 /* GitHubRepositoryViewerUITests */,
				5213A23929D71D81006B3096 /* Products */,
			);
			sourceTree = "<group>";
		};
		5213A23929D71D81006B3096 /* Products */ = {
			isa = PBXGroup;
			children = (
				5213A23829D71D81006B3096 /* GitHubRepositoryViewer.app */,
				5213A24829D71D83006B3096 /* GitHubRepositoryViewerTests.xctest */,
				5213A25229D71D83006B3096 /* GitHubRepositoryViewerUITests.xctest */,
			);
			name = Products;
			sourceTree = "<group>";
		};
		5213A23A29D71D81006B3096 /* GitHubRepositoryViewer */ = {
			isa = PBXGroup;
			children = (
				5213A23B29D71D81006B3096 /* GitHubRepositoryViewerApp.swift */,
				5213A27529D72ABA006B3096 /* Util.swift */,
				529E44EF29D96CE600741926 /* Modifier */,
				5213A27729D72C6C006B3096 /* ViewModel */,
				5213A27029D72A0E006B3096 /* Model */,
				5213A26529D7261A006B3096 /* Main */,
				5213A27C29D80F7B006B3096 /* List */,
				5213A26729D72631006B3096 /* Detail */,
				5213A23F29D71D83006B3096 /* Assets.xcassets */,
				5213A24129D71D83006B3096 /* Preview Content */,
				529E44F229D9734E00741926 /* GitHubRepositoryViewer.xcdatamodeld */,
			);
			path = GitHubRepositoryViewer;
			sourceTree = "<group>";
		};
		5213A24129D71D83006B3096 /* Preview Content */ = {
			isa = PBXGroup;
			children = (
				5213A24229D71D83006B3096 /* Preview Assets.xcassets */,
			);
			path = "Preview Content";
			sourceTree = "<group>";
		};
		5213A24B29D71D83006B3096 /* GitHubRepositoryViewerTests */ = {
			isa = PBXGroup;
			children = (
				5213A24C29D71D83006B3096 /* GitHubRepositoryViewerTests.swift */,
			);
			path = GitHubRepositoryViewerTests;
			sourceTree = "<group>";
		};
		5213A25529D71D83006B3096 /* GitHubRepositoryViewerUITests */ = {
			isa = PBXGroup;
			children = (
				5213A25629D71D83006B3096 /* GitHubRepositoryViewerUITests.swift */,
				5213A25829D71D83006B3096 /* GitHubRepositoryViewerUITestsLaunchTests.swift */,
			);
			path = GitHubRepositoryViewerUITests;
			sourceTree = "<group>";
		};
		5213A26529D7261A006B3096 /* Main */ = {
			isa = PBXGroup;
			children = (
				5213A27D29D80F96006B3096 /* Main.swift */,
			);
			path = Main;
			sourceTree = "<group>";
		};
		5213A26729D72631006B3096 /* Detail */ = {
			isa = PBXGroup;
			children = (
				52F025CB29DA00030058726D /* DetailCellView.swift */,
				5213A26D29D72810006B3096 /* RepositoryDetailView.swift */,
				52F025C729D9C5570058726D /* ContributorIconListView.swift */,
				52F025C129D9BBE20058726D /* DetailItemView.swift */,
			);
			path = Detail;
			sourceTree = "<group>";
		};
		5213A27029D72A0E006B3096 /* Model */ = {
			isa = PBXGroup;
			children = (
				5213A27129D72A21006B3096 /* Repository.swift */,
				52F025C329D9BF2E0058726D /* DetailItem.swift */,
				529E44EB29D8D1FA00741926 /* LanguageColor.swift */,
				5213A27329D72A43006B3096 /* SearchType.swift */,
				529E44ED29D8D68500741926 /* language.json */,
			);
			path = Model;
			sourceTree = "<group>";
		};
		5213A27729D72C6C006B3096 /* ViewModel */ = {
			isa = PBXGroup;
			children = (
				5213A27829D72C7C006B3096 /* RepositoryViewModel.swift */,
				5213A27A29D73BAD006B3096 /* ImageViewModel.swift */,
			);
			path = ViewModel;
			sourceTree = "<group>";
		};
		5213A27C29D80F7B006B3096 /* List */ = {
			isa = PBXGroup;
			children = (
				5213A26A29D727A4006B3096 /* RepositoryListCellView.swift */,
				529E44E929D8CCBA00741926 /* CellsCountView.swift */,
				5213A26829D72653006B3096 /* RepositoryListView.swift */,
				5213A27F29D84F97006B3096 /* BookmarkRepositoryListView.swift */,
			);
			path = List;
			sourceTree = "<group>";
		};
		529E44EF29D96CE600741926 /* Modifier */ = {
			isa = PBXGroup;
			children = (
				529E44F029D96D0A00741926 /* Modifier.swift */,
			);
			path = Modifier;
			sourceTree = "<group>";
		};
/* End PBXGroup section */

/* Begin PBXNativeTarget section */
		5213A23729D71D81006B3096 /* GitHubRepositoryViewer */ = {
			isa = PBXNativeTarget;
			buildConfigurationList = 5213A25C29D71D83006B3096 /* Build configuration list for PBXNativeTarget "GitHubRepositoryViewer" */;
			buildPhases = (
				5213A23429D71D81006B3096 /* Sources */,
				5213A23529D71D81006B3096 /* Frameworks */,
				5213A23629D71D81006B3096 /* Resources */,
			);
			buildRules = (
			);
			dependencies = (
			);
			name = GitHubRepositoryViewer;
			productName = GitHubRepositoryViewer;
			productReference = 5213A23829D71D81006B3096 /* GitHubRepositoryViewer.app */;
			productType = "com.apple.product-type.application";
		};
		5213A24729D71D83006B3096 /* GitHubRepositoryViewerTests */ = {
			isa = PBXNativeTarget;
			buildConfigurationList = 5213A25F29D71D83006B3096 /* Build configuration list for PBXNativeTarget "GitHubRepositoryViewerTests" */;
			buildPhases = (
				5213A24429D71D83006B3096 /* Sources */,
				5213A24529D71D83006B3096 /* Frameworks */,
				5213A24629D71D83006B3096 /* Resources */,
			);
			buildRules = (
			);
			dependencies = (
				5213A24A29D71D83006B3096 /* PBXTargetDependency */,
			);
			name = GitHubRepositoryViewerTests;
			productName = GitHubRepositoryViewerTests;
			productReference = 5213A24829D71D83006B3096 /* GitHubRepositoryViewerTests.xctest */;
			productType = "com.apple.product-type.bundle.unit-test";
		};
		5213A25129D71D83006B3096 /* GitHubRepositoryViewerUITests */ = {
			isa = PBXNativeTarget;
			buildConfigurationList = 5213A26229D71D83006B3096 /* Build configuration list for PBXNativeTarget "GitHubRepositoryViewerUITests" */;
			buildPhases = (
				5213A24E29D71D83006B3096 /* Sources */,
				5213A24F29D71D83006B3096 /* Frameworks */,
				5213A25029D71D83006B3096 /* Resources */,
			);
			buildRules = (
			);
			dependencies = (
				5213A25429D71D83006B3096 /* PBXTargetDependency */,
			);
			name = GitHubRepositoryViewerUITests;
			productName = GitHubRepositoryViewerUITests;
			productReference = 5213A25229D71D83006B3096 /* GitHubRepositoryViewerUITests.xctest */;
			productType = "com.apple.product-type.bundle.ui-testing";
		};
/* End PBXNativeTarget section */

/* Begin PBXProject section */
		5213A23029D71D81006B3096 /* Project object */ = {
			isa = PBXProject;
			attributes = {
				BuildIndependentTargetsInParallel = 1;
				LastSwiftUpdateCheck = 1420;
				LastUpgradeCheck = 1420;
				TargetAttributes = {
					5213A23729D71D81006B3096 = {
						CreatedOnToolsVersion = 14.2;
					};
					5213A24729D71D83006B3096 = {
						CreatedOnToolsVersion = 14.2;
						TestTargetID = 5213A23729D71D81006B3096;
					};
					5213A25129D71D83006B3096 = {
						CreatedOnToolsVersion = 14.2;
						TestTargetID = 5213A23729D71D81006B3096;
					};
				};
			};
			buildConfigurationList = 5213A23329D71D81006B3096 /* Build configuration list for PBXProject "GitHubRepositoryViewer" */;
			compatibilityVersion = "Xcode 14.0";
			developmentRegion = en;
			hasScannedForEncodings = 0;
			knownRegions = (
				en,
				Base,
			);
			mainGroup = 5213A22F29D71D81006B3096;
			productRefGroup = 5213A23929D71D81006B3096 /* Products */;
			projectDirPath = "";
			projectRoot = "";
			targets = (
				5213A23729D71D81006B3096 /* GitHubRepositoryViewer */,
				5213A24729D71D83006B3096 /* GitHubRepositoryViewerTests */,
				5213A25129D71D83006B3096 /* GitHubRepositoryViewerUITests */,
			);
		};
/* End PBXProject section */

/* Begin PBXResourcesBuildPhase section */
		5213A23629D71D81006B3096 /* Resources */ = {
			isa = PBXResourcesBuildPhase;
			buildActionMask = 2147483647;
			files = (
				5213A24329D71D83006B3096 /* Preview Assets.xcassets in Resources */,
				529E44EE29D8D68500741926 /* language.json in Resources */,
				5213A24029D71D83006B3096 /* Assets.xcassets in Resources */,
			);
			runOnlyForDeploymentPostprocessing = 0;
		};
		5213A24629D71D83006B3096 /* Resources */ = {
			isa = PBXResourcesBuildPhase;
			buildActionMask = 2147483647;
			files = (
			);
			runOnlyForDeploymentPostprocessing = 0;
		};
		5213A25029D71D83006B3096 /* Resources */ = {
			isa = PBXResourcesBuildPhase;
			buildActionMask = 2147483647;
			files = (
			);
			runOnlyForDeploymentPostprocessing = 0;
		};
/* End PBXResourcesBuildPhase section */

/* Begin PBXSourcesBuildPhase section */
		5213A23429D71D81006B3096 /* Sources */ = {
			isa = PBXSourcesBuildPhase;
			buildActionMask = 2147483647;
			files = (
				5213A27E29D80F96006B3096 /* Main.swift in Sources */,
				5213A27929D72C7C006B3096 /* RepositoryViewModel.swift in Sources */,
				5213A26929D72653006B3096 /* RepositoryListView.swift in Sources */,
				52F025C429D9BF2E0058726D /* DetailItem.swift in Sources */,
				5213A26E29D72810006B3096 /* RepositoryDetailView.swift in Sources */,
				529E44EC29D8D1FA00741926 /* LanguageColor.swift in Sources */,
				5213A27B29D73BAD006B3096 /* ImageViewModel.swift in Sources */,
				529E44F129D96D0A00741926 /* Modifier.swift in Sources */,
				5213A28029D84F97006B3096 /* BookmarkRepositoryListView.swift in Sources */,
				52F025CC29DA00030058726D /* DetailCellView.swift in Sources */,
				529E44F429D9734E00741926 /* GitHubRepositoryViewer.xcdatamodeld in Sources */,
				52F025C229D9BBE20058726D /* DetailItemView.swift in Sources */,
				5213A27229D72A21006B3096 /* Repository.swift in Sources */,
				5213A26B29D727A4006B3096 /* RepositoryListCellView.swift in Sources */,
				52F025C829D9C5570058726D /* ContributorIconListView.swift in Sources */,
				5213A27629D72ABA006B3096 /* Util.swift in Sources */,
				5213A23C29D71D81006B3096 /* GitHubRepositoryViewerApp.swift in Sources */,
				529E44EA29D8CCBA00741926 /* CellsCountView.swift in Sources */,
				5213A27429D72A43006B3096 /* SearchType.swift in Sources */,
			);
			runOnlyForDeploymentPostprocessing = 0;
		};
		5213A24429D71D83006B3096 /* Sources */ = {
			isa = PBXSourcesBuildPhase;
			buildActionMask = 2147483647;
			files = (
				5213A24D29D71D83006B3096 /* GitHubRepositoryViewerTests.swift in Sources */,
			);
			runOnlyForDeploymentPostprocessing = 0;
		};
		5213A24E29D71D83006B3096 /* Sources */ = {
			isa = PBXSourcesBuildPhase;
			buildActionMask = 2147483647;
			files = (
				5213A25729D71D83006B3096 /* GitHubRepositoryViewerUITests.swift in Sources */,
				5213A25929D71D83006B3096 /* GitHubRepositoryViewerUITestsLaunchTests.swift in Sources */,
			);
			runOnlyForDeploymentPostprocessing = 0;
		};
/* End PBXSourcesBuildPhase section */

/* Begin PBXTargetDependency section */
		5213A24A29D71D83006B3096 /* PBXTargetDependency */ = {
			isa = PBXTargetDependency;
			target = 5213A23729D71D81006B3096 /* GitHubRepositoryViewer */;
			targetProxy = 5213A24929D71D83006B3096 /* PBXContainerItemProxy */;
		};
		5213A25429D71D83006B3096 /* PBXTargetDependency */ = {
			isa = PBXTargetDependency;
			target = 5213A23729D71D81006B3096 /* GitHubRepositoryViewer */;
			targetProxy = 5213A25329D71D83006B3096 /* PBXContainerItemProxy */;
		};
/* End PBXTargetDependency section */

/* Begin XCBuildConfiguration section */
		5213A25A29D71D83006B3096 /* Debug */ = {
			isa = XCBuildConfiguration;
			buildSettings = {
				ALWAYS_SEARCH_USER_PATHS = NO;
				CLANG_ANALYZER_NONNULL = YES;
				CLANG_ANALYZER_NUMBER_OBJECT_CONVERSION = YES_AGGRESSIVE;
				CLANG_CXX_LANGUAGE_STANDARD = "gnu++20";
				CLANG_ENABLE_MODULES = YES;
				CLANG_ENABLE_OBJC_ARC = YES;
				CLANG_ENABLE_OBJC_WEAK = YES;
				CLANG_WARN_BLOCK_CAPTURE_AUTORELEASING = YES;
				CLANG_WARN_BOOL_CONVERSION = YES;
				CLANG_WARN_COMMA = YES;
				CLANG_WARN_CONSTANT_CONVERSION = YES;
				CLANG_WARN_DEPRECATED_OBJC_IMPLEMENTATIONS = YES;
				CLANG_WARN_DIRECT_OBJC_ISA_USAGE = YES_ERROR;
				CLANG_WARN_DOCUMENTATION_COMMENTS = YES;
				CLANG_WARN_EMPTY_BODY = YES;
				CLANG_WARN_ENUM_CONVERSION = YES;
				CLANG_WARN_INFINITE_RECURSION = YES;
				CLANG_WARN_INT_CONVERSION = YES;
				CLANG_WARN_NON_LITERAL_NULL_CONVERSION = YES;
				CLANG_WARN_OBJC_IMPLICIT_RETAIN_SELF = YES;
				CLANG_WARN_OBJC_LITERAL_CONVERSION = YES;
				CLANG_WARN_OBJC_ROOT_CLASS = YES_ERROR;
				CLANG_WARN_QUOTED_INCLUDE_IN_FRAMEWORK_HEADER = YES;
				CLANG_WARN_RANGE_LOOP_ANALYSIS = YES;
				CLANG_WARN_STRICT_PROTOTYPES = YES;
				CLANG_WARN_SUSPICIOUS_MOVE = YES;
				CLANG_WARN_UNGUARDED_AVAILABILITY = YES_AGGRESSIVE;
				CLANG_WARN_UNREACHABLE_CODE = YES;
				CLANG_WARN__DUPLICATE_METHOD_MATCH = YES;
				COPY_PHASE_STRIP = NO;
				DEBUG_INFORMATION_FORMAT = dwarf;
				ENABLE_STRICT_OBJC_MSGSEND = YES;
				ENABLE_TESTABILITY = YES;
				GCC_C_LANGUAGE_STANDARD = gnu11;
				GCC_DYNAMIC_NO_PIC = NO;
				GCC_NO_COMMON_BLOCKS = YES;
				GCC_OPTIMIZATION_LEVEL = 0;
				GCC_PREPROCESSOR_DEFINITIONS = (
					"DEBUG=1",
					"$(inherited)",
				);
				GCC_WARN_64_TO_32_BIT_CONVERSION = YES;
				GCC_WARN_ABOUT_RETURN_TYPE = YES_ERROR;
				GCC_WARN_UNDECLARED_SELECTOR = YES;
				GCC_WARN_UNINITIALIZED_AUTOS = YES_AGGRESSIVE;
				GCC_WARN_UNUSED_FUNCTION = YES;
				GCC_WARN_UNUSED_VARIABLE = YES;
				IPHONEOS_DEPLOYMENT_TARGET = 16.2;
				MTL_ENABLE_DEBUG_INFO = INCLUDE_SOURCE;
				MTL_FAST_MATH = YES;
				ONLY_ACTIVE_ARCH = YES;
				SDKROOT = iphoneos;
				SWIFT_ACTIVE_COMPILATION_CONDITIONS = DEBUG;
				SWIFT_OPTIMIZATION_LEVEL = "-Onone";
			};
			name = Debug;
		};
		5213A25B29D71D83006B3096 /* Release */ = {
			isa = XCBuildConfiguration;
			buildSettings = {
				ALWAYS_SEARCH_USER_PATHS = NO;
				CLANG_ANALYZER_NONNULL = YES;
				CLANG_ANALYZER_NUMBER_OBJECT_CONVERSION = YES_AGGRESSIVE;
				CLANG_CXX_LANGUAGE_STANDARD = "gnu++20";
				CLANG_ENABLE_MODULES = YES;
				CLANG_ENABLE_OBJC_ARC = YES;
				CLANG_ENABLE_OBJC_WEAK = YES;
				CLANG_WARN_BLOCK_CAPTURE_AUTORELEASING = YES;
				CLANG_WARN_BOOL_CONVERSION = YES;
				CLANG_WARN_COMMA = YES;
				CLANG_WARN_CONSTANT_CONVERSION = YES;
				CLANG_WARN_DEPRECATED_OBJC_IMPLEMENTATIONS = YES;
				CLANG_WARN_DIRECT_OBJC_ISA_USAGE = YES_ERROR;
				CLANG_WARN_DOCUMENTATION_COMMENTS = YES;
				CLANG_WARN_EMPTY_BODY = YES;
				CLANG_WARN_ENUM_CONVERSION = YES;
				CLANG_WARN_INFINITE_RECURSION = YES;
				CLANG_WARN_INT_CONVERSION = YES;
				CLANG_WARN_NON_LITERAL_NULL_CONVERSION = YES;
				CLANG_WARN_OBJC_IMPLICIT_RETAIN_SELF = YES;
				CLANG_WARN_OBJC_LITERAL_CONVERSION = YES;
				CLANG_WARN_OBJC_ROOT_CLASS = YES_ERROR;
				CLANG_WARN_QUOTED_INCLUDE_IN_FRAMEWORK_HEADER = YES;
				CLANG_WARN_RANGE_LOOP_ANALYSIS = YES;
				CLANG_WARN_STRICT_PROTOTYPES = YES;
				CLANG_WARN_SUSPICIOUS_MOVE = YES;
				CLANG_WARN_UNGUARDED_AVAILABILITY = YES_AGGRESSIVE;
				CLANG_WARN_UNREACHABLE_CODE = YES;
				CLANG_WARN__DUPLICATE_METHOD_MATCH = YES;
				COPY_PHASE_STRIP = NO;
				DEBUG_INFORMATION_FORMAT = "dwarf-with-dsym";
				ENABLE_NS_ASSERTIONS = NO;
				ENABLE_STRICT_OBJC_MSGSEND = YES;
				GCC_C_LANGUAGE_STANDARD = gnu11;
				GCC_NO_COMMON_BLOCKS = YES;
				GCC_WARN_64_TO_32_BIT_CONVERSION = YES;
				GCC_WARN_ABOUT_RETURN_TYPE = YES_ERROR;
				GCC_WARN_UNDECLARED_SELECTOR = YES;
				GCC_WARN_UNINITIALIZED_AUTOS = YES_AGGRESSIVE;
				GCC_WARN_UNUSED_FUNCTION = YES;
				GCC_WARN_UNUSED_VARIABLE = YES;
				IPHONEOS_DEPLOYMENT_TARGET = 16.2;
				MTL_ENABLE_DEBUG_INFO = NO;
				MTL_FAST_MATH = YES;
				SDKROOT = iphoneos;
				SWIFT_COMPILATION_MODE = wholemodule;
				SWIFT_OPTIMIZATION_LEVEL = "-O";
				VALIDATE_PRODUCT = YES;
			};
			name = Release;
		};
		5213A25D29D71D83006B3096 /* Debug */ = {
			isa = XCBuildConfiguration;
			buildSettings = {
				ASSETCATALOG_COMPILER_APPICON_NAME = AppIcon;
				ASSETCATALOG_COMPILER_GLOBAL_ACCENT_COLOR_NAME = AccentColor;
				CODE_SIGN_STYLE = Automatic;
				CURRENT_PROJECT_VERSION = 1;
				DEVELOPMENT_ASSET_PATHS = "\"GitHubRepositoryViewer/Preview Content\"";
				DEVELOPMENT_TEAM = 3F333X99RN;
				ENABLE_PREVIEWS = YES;
				GENERATE_INFOPLIST_FILE = YES;
				INFOPLIST_KEY_UIApplicationSceneManifest_Generation = YES;
				INFOPLIST_KEY_UIApplicationSupportsIndirectInputEvents = YES;
				INFOPLIST_KEY_UILaunchScreen_Generation = YES;
				INFOPLIST_KEY_UISupportedInterfaceOrientations_iPad = "UIInterfaceOrientationPortrait UIInterfaceOrientationPortraitUpsideDown UIInterfaceOrientationLandscapeLeft UIInterfaceOrientationLandscapeRight";
				INFOPLIST_KEY_UISupportedInterfaceOrientations_iPhone = "UIInterfaceOrientationPortrait UIInterfaceOrientationLandscapeLeft UIInterfaceOrientationLandscapeRight";
				LD_RUNPATH_SEARCH_PATHS = (
					"$(inherited)",
					"@executable_path/Frameworks",
				);
				MARKETING_VERSION = 1.0;
				PRODUCT_BUNDLE_IDENTIFIER = myteam.GitHubRepositoryViewer;
				PRODUCT_NAME = "$(TARGET_NAME)";
				SWIFT_EMIT_LOC_STRINGS = YES;
				SWIFT_VERSION = 5.0;
				TARGETED_DEVICE_FAMILY = "1,2";
			};
			name = Debug;
		};
		5213A25E29D71D83006B3096 /* Release */ = {
			isa = XCBuildConfiguration;
			buildSettings = {
				ASSETCATALOG_COMPILER_APPICON_NAME = AppIcon;
				ASSETCATALOG_COMPILER_GLOBAL_ACCENT_COLOR_NAME = AccentColor;
				CODE_SIGN_STYLE = Automatic;
				CURRENT_PROJECT_VERSION = 1;
				DEVELOPMENT_ASSET_PATHS = "\"GitHubRepositoryViewer/Preview Content\"";
				DEVELOPMENT_TEAM = 3F333X99RN;
				ENABLE_PREVIEWS = YES;
				GENERATE_INFOPLIST_FILE = YES;
				INFOPLIST_KEY_UIApplicationSceneManifest_Generation = YES;
				INFOPLIST_KEY_UIApplicationSupportsIndirectInputEvents = YES;
				INFOPLIST_KEY_UILaunchScreen_Generation = YES;
				INFOPLIST_KEY_UISupportedInterfaceOrientations_iPad = "UIInterfaceOrientationPortrait UIInterfaceOrientationPortraitUpsideDown UIInterfaceOrientationLandscapeLeft UIInterfaceOrientationLandscapeRight";
				INFOPLIST_KEY_UISupportedInterfaceOrientations_iPhone = "UIInterfaceOrientationPortrait UIInterfaceOrientationLandscapeLeft UIInterfaceOrientationLandscapeRight";
				LD_RUNPATH_SEARCH_PATHS = (
					"$(inherited)",
					"@executable_path/Frameworks",
				);
				MARKETING_VERSION = 1.0;
				PRODUCT_BUNDLE_IDENTIFIER = myteam.GitHubRepositoryViewer;
				PRODUCT_NAME = "$(TARGET_NAME)";
				SWIFT_EMIT_LOC_STRINGS = YES;
				SWIFT_VERSION = 5.0;
				TARGETED_DEVICE_FAMILY = "1,2";
			};
			name = Release;
		};
		5213A26029D71D83006B3096 /* Debug */ = {
			isa = XCBuildConfiguration;
			buildSettings = {
				ALWAYS_EMBED_SWIFT_STANDARD_LIBRARIES = YES;
				BUNDLE_LOADER = "$(TEST_HOST)";
				CODE_SIGN_STYLE = Automatic;
				CURRENT_PROJECT_VERSION = 1;
				DEVELOPMENT_TEAM = 3F333X99RN;
				GENERATE_INFOPLIST_FILE = YES;
				IPHONEOS_DEPLOYMENT_TARGET = 16.2;
				MARKETING_VERSION = 1.0;
				PRODUCT_BUNDLE_IDENTIFIER = myteam.GitHubRepositoryViewerTests;
				PRODUCT_NAME = "$(TARGET_NAME)";
				SWIFT_EMIT_LOC_STRINGS = NO;
				SWIFT_VERSION = 5.0;
				TARGETED_DEVICE_FAMILY = "1,2";
				TEST_HOST = "$(BUILT_PRODUCTS_DIR)/GitHubRepositoryViewer.app/$(BUNDLE_EXECUTABLE_FOLDER_PATH)/GitHubRepositoryViewer";
			};
			name = Debug;
		};
		5213A26129D71D83006B3096 /* Release */ = {
			isa = XCBuildConfiguration;
			buildSettings = {
				ALWAYS_EMBED_SWIFT_STANDARD_LIBRARIES = YES;
				BUNDLE_LOADER = "$(TEST_HOST)";
				CODE_SIGN_STYLE = Automatic;
				CURRENT_PROJECT_VERSION = 1;
				DEVELOPMENT_TEAM = 3F333X99RN;
				GENERATE_INFOPLIST_FILE = YES;
				IPHONEOS_DEPLOYMENT_TARGET = 16.2;
				MARKETING_VERSION = 1.0;
				PRODUCT_BUNDLE_IDENTIFIER = myteam.GitHubRepositoryViewerTests;
				PRODUCT_NAME = "$(TARGET_NAME)";
				SWIFT_EMIT_LOC_STRINGS = NO;
				SWIFT_VERSION = 5.0;
				TARGETED_DEVICE_FAMILY = "1,2";
				TEST_HOST = "$(BUILT_PRODUCTS_DIR)/GitHubRepositoryViewer.app/$(BUNDLE_EXECUTABLE_FOLDER_PATH)/GitHubRepositoryViewer";
			};
			name = Release;
		};
		5213A26329D71D83006B3096 /* Debug */ = {
			isa = XCBuildConfiguration;
			buildSettings = {
				ALWAYS_EMBED_SWIFT_STANDARD_LIBRARIES = YES;
				CODE_SIGN_STYLE = Automatic;
				CURRENT_PROJECT_VERSION = 1;
				DEVELOPMENT_TEAM = 3F333X99RN;
				GENERATE_INFOPLIST_FILE = YES;
				MARKETING_VERSION = 1.0;
				PRODUCT_BUNDLE_IDENTIFIER = myteam.GitHubRepositoryViewerUITests;
				PRODUCT_NAME = "$(TARGET_NAME)";
				SWIFT_EMIT_LOC_STRINGS = NO;
				SWIFT_VERSION = 5.0;
				TARGETED_DEVICE_FAMILY = "1,2";
				TEST_TARGET_NAME = GitHubRepositoryViewer;
			};
			name = Debug;
		};
		5213A26429D71D83006B3096 /* Release */ = {
			isa = XCBuildConfiguration;
			buildSettings = {
				ALWAYS_EMBED_SWIFT_STANDARD_LIBRARIES = YES;
				CODE_SIGN_STYLE = Automatic;
				CURRENT_PROJECT_VERSION = 1;
				DEVELOPMENT_TEAM = 3F333X99RN;
				GENERATE_INFOPLIST_FILE = YES;
				MARKETING_VERSION = 1.0;
				PRODUCT_BUNDLE_IDENTIFIER = myteam.GitHubRepositoryViewerUITests;
				PRODUCT_NAME = "$(TARGET_NAME)";
				SWIFT_EMIT_LOC_STRINGS = NO;
				SWIFT_VERSION = 5.0;
				TARGETED_DEVICE_FAMILY = "1,2";
				TEST_TARGET_NAME = GitHubRepositoryViewer;
			};
			name = Release;
		};
/* End XCBuildConfiguration section */

/* Begin XCConfigurationList section */
		5213A23329D71D81006B3096 /* Build configuration list for PBXProject "GitHubRepositoryViewer" */ = {
			isa = XCConfigurationList;
			buildConfigurations = (
				5213A25A29D71D83006B3096 /* Debug */,
				5213A25B29D71D83006B3096 /* Release */,
			);
			defaultConfigurationIsVisible = 0;
			defaultConfigurationName = Release;
		};
		5213A25C29D71D83006B3096 /* Build configuration list for PBXNativeTarget "GitHubRepositoryViewer" */ = {
			isa = XCConfigurationList;
			buildConfigurations = (
				5213A25D29D71D83006B3096 /* Debug */,
				5213A25E29D71D83006B3096 /* Release */,
			);
			defaultConfigurationIsVisible = 0;
			defaultConfigurationName = Release;
		};
		5213A25F29D71D83006B3096 /* Build configuration list for PBXNativeTarget "GitHubRepositoryViewerTests" */ = {
			isa = XCConfigurationList;
			buildConfigurations = (
				5213A26029D71D83006B3096 /* Debug */,
				5213A26129D71D83006B3096 /* Release */,
			);
			defaultConfigurationIsVisible = 0;
			defaultConfigurationName = Release;
		};
		5213A26229D71D83006B3096 /* Build configuration list for PBXNativeTarget "GitHubRepositoryViewerUITests" */ = {
			isa = XCConfigurationList;
			buildConfigurations = (
				5213A26329D71D83006B3096 /* Debug */,
				5213A26429D71D83006B3096 /* Release */,
			);
			defaultConfigurationIsVisible = 0;
			defaultConfigurationName = Release;
		};
/* End XCConfigurationList section */

/* Begin XCVersionGroup section */
		529E44F229D9734E00741926 /* GitHubRepositoryViewer.xcdatamodeld */ = {
			isa = XCVersionGroup;
			children = (
				529E44F329D9734E00741926 /* GitHubRepositoryViewer.xcdatamodel */,
			);
			currentVersion = 529E44F329D9734E00741926 /* GitHubRepositoryViewer.xcdatamodel */;
			path = GitHubRepositoryViewer.xcdatamodeld;
			sourceTree = "<group>";
			versionGroupType = wrapper.xcdatamodel;
		};
/* End XCVersionGroup section */
	};
	rootObject = 5213A23029D71D81006B3096 /* Project object */;
}
